
Microsoft Visual Studio Solution File, Format Version 12.00
# Visual Studio Version 17
VisualStudioVersion = 17.14.36310.24 d17.14
MinimumVisualStudioVersion = 10.0.40219.1
Project("{FAE04EC0-301F-11D3-BF4B-00C04F79EFBC}") = "Q1", "Q1\Q1.csproj", "{FA7C37E3-0025-4E4F-BFF8-9733F6A9AC65}"
EndProject
Project("{FAE04EC0-301F-11D3-BF4B-00C04F79EFBC}") = "Q2", "Q2\Q2.csproj", "{09C09BFF-7BF6-410E-B7A2-A095A2E3E08A}"
EndProject
Project("{FAE04EC0-301F-11D3-BF4B-00C04F79EFBC}") = "Q3", "Q3\Q3.csproj", "{C717DF17-ADF6-4A8D-A1B2-71941D91810E}"
EndProject
Project("{FAE04EC0-301F-11D3-BF4B-00C04F79EFBC}") = "Q4", "Q4\Q4.csproj", "{4968705A-6322-440E-865B-CCBB6729F726}"
EndProject
Project("{FAE04EC0-301F-11D3-BF4B-00C04F79EFBC}") = "Q5", "Q5\Q5.csproj", "{D1D1FD6C-6FDF-41DA-8657-B0F3671DC3A7}"
EndProject
Global
	GlobalSection(SolutionConfigurationPlatforms) = preSolution
		Debug|Any CPU = Debug|Any CPU
		Release|Any CPU = Release|Any CPU
	EndGlobalSection
	GlobalSection(ProjectConfigurationPlatforms) = postSolution
		{FA7C37E3-0025-4E4F-BFF8-9733F6A9AC65}.Debug|Any CPU.ActiveCfg = Debug|Any CPU
		{FA7C37E3-0025-4E4F-BFF8-9733F6A9AC65}.Debug|Any CPU.Build.0 = Debug|Any CPU
		{FA7C37E3-0025-4E4F-BFF8-9733F6A9AC65}.Release|Any CPU.ActiveCfg = Release|Any CPU
		{FA7C37E3-0025-4E4F-BFF8-9733F6A9AC65}.Release|Any CPU.Build.0 = Release|Any CPU
		{09C09BFF-7BF6-410E-B7A2-A095A2E3E08A}.Debug|Any CPU.ActiveCfg = Debug|Any CPU
		{09C09BFF-7BF6-410E-B7A2-A095A2E3E08A}.Debug|Any CPU.Build.0 = Debug|Any CPU
		{09C09BFF-7BF6-410E-B7A2-A095A2E3E08A}.Release|Any CPU.ActiveCfg = Release|Any CPU
		{09C09BFF-7BF6-410E-B7A2-A095A2E3E08A}.Release|Any CPU.Build.0 = Release|Any CPU
		{C717DF17-ADF6-4A8D-A1B2-71941D91810E}.Debug|Any CPU.ActiveCfg = Debug|Any CPU
		{C717DF17-ADF6-4A8D-A1B2-71941D91810E}.Debug|Any CPU.Build.0 = Debug|Any CPU
		{C717DF17-ADF6-4A8D-A1B2-71941D91810E}.Release|Any CPU.ActiveCfg = Release|Any CPU
		{C717DF17-ADF6-4A8D-A1B2-71941D91810E}.Release|Any CPU.Build.0 = Release|Any CPU
		{4968705A-6322-440E-865B-CCBB6729F726}.Debug|Any CPU.ActiveCfg = Debug|Any CPU
		{4968705A-6322-440E-865B-CCBB6729F726}.Debug|Any CPU.Build.0 = Debug|Any CPU
		{4968705A-6322-440E-865B-CCBB6729F726}.Release|Any CPU.ActiveCfg = Release|Any CPU
		{4968705A-6322-440E-865B-CCBB6729F726}.Release|Any CPU.Build.0 = Release|Any CPU
		{D1D1FD6C-6FDF-41DA-8657-B0F3671DC3A7}.Debug|Any CPU.ActiveCfg = Debug|Any CPU
		{D1D1FD6C-6FDF-41DA-8657-B0F3671DC3A7}.Debug|Any CPU.Build.0 = Debug|Any CPU
		{D1D1FD6C-6FDF-41DA-8657-B0F3671DC3A7}.Release|Any CPU.ActiveCfg = Release|Any CPU
		{D1D1FD6C-6FDF-41DA-8657-B0F3671DC3A7}.Release|Any CPU.Build.0 = Release|Any CPU
	EndGlobalSection
	GlobalSection(SolutionProperties) = preSolution
		HideSolutionNode = FALSE
	EndGlobalSection
	GlobalSection(ExtensibilityGlobals) = postSolution
		SolutionGuid = {389288D2-2FC0-47BC-996C-A98DD539DF49}
	EndGlobalSection
EndGlobal
